
Microsoft Visual Studio Solution File, Format Version 12.00
# Visual Studio 15
VisualStudioVersion = 15.0.28010.2041
MinimumVisualStudioVersion = 10.0.40219.1
Project("{FAE04EC0-301F-11D3-BF4B-00C04F79EFBC}") = "LS2OVR", "LS2OVR\LS2OVR.csproj", "{BCBEB484-6DB0-46BF-8D06-5D3AE51C4D44}"
EndProject
Global
	GlobalSection(SolutionConfigurationPlatforms) = preSolution
		Debug|Any CPU = Debug|Any CPU
		Release|Any CPU = Release|Any CPU
	EndGlobalSection
	GlobalSection(ProjectConfigurationPlatforms) = postSolution
		{BCBEB484-6DB0-46BF-8D06-5D3AE51C4D44}.Debug|Any CPU.ActiveCfg = Debug|Any CPU
		{BCBEB484-6DB0-46BF-8D06-5D3AE51C4D44}.Debug|Any CPU.Build.0 = Debug|Any CPU
		{BCBEB484-6DB0-46BF-8D06-5D3AE51C4D44}.Release|Any CPU.ActiveCfg = Release|Any CPU
		{BCBEB484-6DB0-46BF-8D06-5D3AE51C4D44}.Release|Any CPU.Build.0 = Release|Any CPU
	EndGlobalSection
	GlobalSection(SolutionProperties) = preSolution
		HideSolutionNode = FALSE
	EndGlobalSection
	GlobalSection(ExtensibilityGlobals) = postSolution
		SolutionGuid = {BBD64CD1-364D-4BD1-8B7B-ACF6CDB2B976}
	EndGlobalSection
EndGlobal
